
Microsoft Visual Studio Solution File, Format Version 12.00
# Visual Studio 15
VisualStudioVersion = 15.0.27004.2009
MinimumVisualStudioVersion = 10.0.40219.1
Project("{2150E333-8FDC-42A3-9474-1A3956D46DE8}") = "Tests", "Tests", "{926848A5-E1B8-42FE-9434-67955621934B}"
EndProject
Project("{9A19103F-16F7-4668-BE54-9A1E7A4F7556}") = "Simulation.DDA", "Simulation.DDA\Simulation.DDA.csproj", "{AF1C7B85-D2C9-423E-9FCE-666238D979A0}"
EndProject
Project("{9A19103F-16F7-4668-BE54-9A1E7A4F7556}") = "Simulation.DDA.Console", "Simulation.DDA.Console\Simulation.DDA.Console.csproj", "{319EA2DE-BF4F-4D7C-919B-C52497161035}"
EndProject
Project("{9A19103F-16F7-4668-BE54-9A1E7A4F7556}") = "Simulation.FDTD", "Simulation.FDTD\Simulation.FDTD.csproj", "{E363F9FF-678B-4870-9342-9608032ACDE2}"
EndProject
Project("{9A19103F-16F7-4668-BE54-9A1E7A4F7556}") = "Simulation.FDTD.Console", "Simulation.FDTD.Console\Simulation.FDTD.Console.csproj", "{1EFEA450-955A-41D7-8218-5E38917D593B}"
EndProject
Project("{9A19103F-16F7-4668-BE54-9A1E7A4F7556}") = "Simulation.Infrastructure", "Simulation.Infrastructure\Simulation.Infrastructure.csproj", "{84981EAC-7F9D-4916-9922-0E37DCA0A5A7}"
EndProject
Project("{9A19103F-16F7-4668-BE54-9A1E7A4F7556}") = "Simulation.Medium", "Simulation.Medium\Simulation.Medium.csproj", "{7366B915-8C24-478C-B482-DCC0F4B5E260}"
EndProject
Project("{9A19103F-16F7-4668-BE54-9A1E7A4F7556}") = "Simulation.Models", "Simulation.Models\Simulation.Models.csproj", "{C83CE184-F725-4EBB-B894-A4AE445F6F2E}"
EndProject
Project("{9A19103F-16F7-4668-BE54-9A1E7A4F7556}") = "Simulation.DDA.Tests", "Tests\Simulation.DDA.Tests\Simulation.DDA.Tests.csproj", "{BD32F8A8-B2EC-47A7-B988-8B9180C1038C}"
EndProject
Project("{9A19103F-16F7-4668-BE54-9A1E7A4F7556}") = "Simulation.FDTD.Tests", "Tests\Simulation.FDTD.Tests\Simulation.FDTD.Tests.csproj", "{603B4EEB-C466-45F1-B166-BA83DB59260E}"
EndProject
Project("{9A19103F-16F7-4668-BE54-9A1E7A4F7556}") = "Simulation.Medium.Tests", "Tests\Simulation.Medium.Tests\Simulation.Medium.Tests.csproj", "{62440618-350D-42B6-8951-18649828A241}"
EndProject
Project("{9A19103F-16F7-4668-BE54-9A1E7A4F7556}") = "Simulation.Models.Tests", "Tests\Simulation.Models.Tests\Simulation.Models.Tests.csproj", "{51D79CCF-C175-4E41-A86D-B705CDB599EC}"
EndProject
Project("{9A19103F-16F7-4668-BE54-9A1E7A4F7556}") = "Simulation.Tests.Common", "Simulation.Tests.Common\Simulation.Tests.Common.csproj", "{964891B8-B4FD-4E7A-9D6D-2B37B80ECE98}"
EndProject
Project("{FAE04EC0-301F-11D3-BF4B-00C04F79EFBC}") = "Simulation.DDA.Grpc", "Simulation.DDA.Grpc\Simulation.DDA.Grpc.csproj", "{CB36C716-0A28-4E39-BF9A-732FE7536FD2}"
EndProject
Project("{FAE04EC0-301F-11D3-BF4B-00C04F79EFBC}") = "Simulation.Web", "Simulation.Web\Simulation.Web.csproj", "{7BD62990-538E-4EE8-9E38-57A78DFBCE27}"
EndProject
Project("{FAE04EC0-301F-11D3-BF4B-00C04F79EFBC}") = "Simulation.FDTD.Grpc", "Simulation.FDTD.Grpc\Simulation.FDTD.Grpc.csproj", "{6ECB4A6A-268F-4D4C-B7CE-A9DD7B367396}"
EndProject
Global
	GlobalSection(Performance) = preSolution
		HasPerformanceSessions = true
	EndGlobalSection
	GlobalSection(SolutionConfigurationPlatforms) = preSolution
		Debug|Any CPU = Debug|Any CPU
		Debug|Mixed Platforms = Debug|Mixed Platforms
		Debug|x64 = Debug|x64
		Release|Any CPU = Release|Any CPU
		Release|Mixed Platforms = Release|Mixed Platforms
		Release|x64 = Release|x64
	EndGlobalSection
	GlobalSection(ProjectConfigurationPlatforms) = postSolution
		{AF1C7B85-D2C9-423E-9FCE-666238D979A0}.Debug|Any CPU.ActiveCfg = Debug|Any CPU
		{AF1C7B85-D2C9-423E-9FCE-666238D979A0}.Debug|Any CPU.Build.0 = Debug|Any CPU
		{AF1C7B85-D2C9-423E-9FCE-666238D979A0}.Debug|Mixed Platforms.ActiveCfg = Debug|Any CPU
		{AF1C7B85-D2C9-423E-9FCE-666238D979A0}.Debug|Mixed Platforms.Build.0 = Debug|Any CPU
		{AF1C7B85-D2C9-423E-9FCE-666238D979A0}.Debug|x64.ActiveCfg = Debug|Any CPU
		{AF1C7B85-D2C9-423E-9FCE-666238D979A0}.Debug|x64.Build.0 = Debug|Any CPU
		{AF1C7B85-D2C9-423E-9FCE-666238D979A0}.Release|Any CPU.ActiveCfg = Release|Any CPU
		{AF1C7B85-D2C9-423E-9FCE-666238D979A0}.Release|Any CPU.Build.0 = Release|Any CPU
		{AF1C7B85-D2C9-423E-9FCE-666238D979A0}.Release|Mixed Platforms.ActiveCfg = Release|Any CPU
		{AF1C7B85-D2C9-423E-9FCE-666238D979A0}.Release|Mixed Platforms.Build.0 = Release|Any CPU
		{AF1C7B85-D2C9-423E-9FCE-666238D979A0}.Release|x64.ActiveCfg = Release|Any CPU
		{AF1C7B85-D2C9-423E-9FCE-666238D979A0}.Release|x64.Build.0 = Release|Any CPU
		{319EA2DE-BF4F-4D7C-919B-C52497161035}.Debug|Any CPU.ActiveCfg = Debug|Any CPU
		{319EA2DE-BF4F-4D7C-919B-C52497161035}.Debug|Any CPU.Build.0 = Debug|Any CPU
		{319EA2DE-BF4F-4D7C-919B-C52497161035}.Debug|Mixed Platforms.ActiveCfg = Debug|Any CPU
		{319EA2DE-BF4F-4D7C-919B-C52497161035}.Debug|Mixed Platforms.Build.0 = Debug|Any CPU
		{319EA2DE-BF4F-4D7C-919B-C52497161035}.Debug|x64.ActiveCfg = Debug|Any CPU
		{319EA2DE-BF4F-4D7C-919B-C52497161035}.Debug|x64.Build.0 = Debug|Any CPU
		{319EA2DE-BF4F-4D7C-919B-C52497161035}.Release|Any CPU.ActiveCfg = Release|Any CPU
		{319EA2DE-BF4F-4D7C-919B-C52497161035}.Release|Any CPU.Build.0 = Release|Any CPU
		{319EA2DE-BF4F-4D7C-919B-C52497161035}.Release|Mixed Platforms.ActiveCfg = Release|Any CPU
		{319EA2DE-BF4F-4D7C-919B-C52497161035}.Release|Mixed Platforms.Build.0 = Release|Any CPU
		{319EA2DE-BF4F-4D7C-919B-C52497161035}.Release|x64.ActiveCfg = Release|Any CPU
		{319EA2DE-BF4F-4D7C-919B-C52497161035}.Release|x64.Build.0 = Release|Any CPU
		{E363F9FF-678B-4870-9342-9608032ACDE2}.Debug|Any CPU.ActiveCfg = Debug|Any CPU
		{E363F9FF-678B-4870-9342-9608032ACDE2}.Debug|Any CPU.Build.0 = Debug|Any CPU
		{E363F9FF-678B-4870-9342-9608032ACDE2}.Debug|Mixed Platforms.ActiveCfg = Debug|Any CPU
		{E363F9FF-678B-4870-9342-9608032ACDE2}.Debug|Mixed Platforms.Build.0 = Debug|Any CPU
		{E363F9FF-678B-4870-9342-9608032ACDE2}.Debug|x64.ActiveCfg = Debug|Any CPU
		{E363F9FF-678B-4870-9342-9608032ACDE2}.Debug|x64.Build.0 = Debug|Any CPU
		{E363F9FF-678B-4870-9342-9608032ACDE2}.Release|Any CPU.ActiveCfg = Release|Any CPU
		{E363F9FF-678B-4870-9342-9608032ACDE2}.Release|Any CPU.Build.0 = Release|Any CPU
		{E363F9FF-678B-4870-9342-9608032ACDE2}.Release|Mixed Platforms.ActiveCfg = Release|Any CPU
		{E363F9FF-678B-4870-9342-9608032ACDE2}.Release|Mixed Platforms.Build.0 = Release|Any CPU
		{E363F9FF-678B-4870-9342-9608032ACDE2}.Release|x64.ActiveCfg = Release|Any CPU
		{E363F9FF-678B-4870-9342-9608032ACDE2}.Release|x64.Build.0 = Release|Any CPU
		{1EFEA450-955A-41D7-8218-5E38917D593B}.Debug|Any CPU.ActiveCfg = Debug|Any CPU
		{1EFEA450-955A-41D7-8218-5E38917D593B}.Debug|Any CPU.Build.0 = Debug|Any CPU
		{1EFEA450-955A-41D7-8218-5E38917D593B}.Debug|Mixed Platforms.ActiveCfg = Debug|Any CPU
		{1EFEA450-955A-41D7-8218-5E38917D593B}.Debug|Mixed Platforms.Build.0 = Debug|Any CPU
		{1EFEA450-955A-41D7-8218-5E38917D593B}.Debug|x64.ActiveCfg = Debug|Any CPU
		{1EFEA450-955A-41D7-8218-5E38917D593B}.Debug|x64.Build.0 = Debug|Any CPU
		{1EFEA450-955A-41D7-8218-5E38917D593B}.Release|Any CPU.ActiveCfg = Release|Any CPU
		{1EFEA450-955A-41D7-8218-5E38917D593B}.Release|Any CPU.Build.0 = Release|Any CPU
		{1EFEA450-955A-41D7-8218-5E38917D593B}.Release|Mixed Platforms.ActiveCfg = Release|Any CPU
		{1EFEA450-955A-41D7-8218-5E38917D593B}.Release|Mixed Platforms.Build.0 = Release|Any CPU
		{1EFEA450-955A-41D7-8218-5E38917D593B}.Release|x64.ActiveCfg = Release|Any CPU
		{1EFEA450-955A-41D7-8218-5E38917D593B}.Release|x64.Build.0 = Release|Any CPU
		{84981EAC-7F9D-4916-9922-0E37DCA0A5A7}.Debug|Any CPU.ActiveCfg = Debug|Any CPU
		{84981EAC-7F9D-4916-9922-0E37DCA0A5A7}.Debug|Any CPU.Build.0 = Debug|Any CPU
		{84981EAC-7F9D-4916-9922-0E37DCA0A5A7}.Debug|Mixed Platforms.ActiveCfg = Debug|Any CPU
		{84981EAC-7F9D-4916-9922-0E37DCA0A5A7}.Debug|Mixed Platforms.Build.0 = Debug|Any CPU
		{84981EAC-7F9D-4916-9922-0E37DCA0A5A7}.Debug|x64.ActiveCfg = Debug|Any CPU
		{84981EAC-7F9D-4916-9922-0E37DCA0A5A7}.Debug|x64.Build.0 = Debug|Any CPU
		{84981EAC-7F9D-4916-9922-0E37DCA0A5A7}.Release|Any CPU.ActiveCfg = Release|Any CPU
		{84981EAC-7F9D-4916-9922-0E37DCA0A5A7}.Release|Any CPU.Build.0 = Release|Any CPU
		{84981EAC-7F9D-4916-9922-0E37DCA0A5A7}.Release|Mixed Platforms.ActiveCfg = Release|Any CPU
		{84981EAC-7F9D-4916-9922-0E37DCA0A5A7}.Release|Mixed Platforms.Build.0 = Release|Any CPU
		{84981EAC-7F9D-4916-9922-0E37DCA0A5A7}.Release|x64.ActiveCfg = Release|Any CPU
		{84981EAC-7F9D-4916-9922-0E37DCA0A5A7}.Release|x64.Build.0 = Release|Any CPU
		{7366B915-8C24-478C-B482-DCC0F4B5E260}.Debug|Any CPU.ActiveCfg = Debug|Any CPU
		{7366B915-8C24-478C-B482-DCC0F4B5E260}.Debug|Any CPU.Build.0 = Debug|Any CPU
		{7366B915-8C24-478C-B482-DCC0F4B5E260}.Debug|Mixed Platforms.ActiveCfg = Debug|Any CPU
		{7366B915-8C24-478C-B482-DCC0F4B5E260}.Debug|Mixed Platforms.Build.0 = Debug|Any CPU
		{7366B915-8C24-478C-B482-DCC0F4B5E260}.Debug|x64.ActiveCfg = Debug|Any CPU
		{7366B915-8C24-478C-B482-DCC0F4B5E260}.Debug|x64.Build.0 = Debug|Any CPU
		{7366B915-8C24-478C-B482-DCC0F4B5E260}.Release|Any CPU.ActiveCfg = Release|Any CPU
		{7366B915-8C24-478C-B482-DCC0F4B5E260}.Release|Any CPU.Build.0 = Release|Any CPU
		{7366B915-8C24-478C-B482-DCC0F4B5E260}.Release|Mixed Platforms.ActiveCfg = Release|Any CPU
		{7366B915-8C24-478C-B482-DCC0F4B5E260}.Release|Mixed Platforms.Build.0 = Release|Any CPU
		{7366B915-8C24-478C-B482-DCC0F4B5E260}.Release|x64.ActiveCfg = Release|Any CPU
		{7366B915-8C24-478C-B482-DCC0F4B5E260}.Release|x64.Build.0 = Release|Any CPU
		{C83CE184-F725-4EBB-B894-A4AE445F6F2E}.Debug|Any CPU.ActiveCfg = Debug|Any CPU
		{C83CE184-F725-4EBB-B894-A4AE445F6F2E}.Debug|Any CPU.Build.0 = Debug|Any CPU
		{C83CE184-F725-4EBB-B894-A4AE445F6F2E}.Debug|Mixed Platforms.ActiveCfg = Debug|Any CPU
		{C83CE184-F725-4EBB-B894-A4AE445F6F2E}.Debug|Mixed Platforms.Build.0 = Debug|Any CPU
		{C83CE184-F725-4EBB-B894-A4AE445F6F2E}.Debug|x64.ActiveCfg = Debug|Any CPU
		{C83CE184-F725-4EBB-B894-A4AE445F6F2E}.Debug|x64.Build.0 = Debug|Any CPU
		{C83CE184-F725-4EBB-B894-A4AE445F6F2E}.Release|Any CPU.ActiveCfg = Release|Any CPU
		{C83CE184-F725-4EBB-B894-A4AE445F6F2E}.Release|Any CPU.Build.0 = Release|Any CPU
		{C83CE184-F725-4EBB-B894-A4AE445F6F2E}.Release|Mixed Platforms.ActiveCfg = Release|Any CPU
		{C83CE184-F725-4EBB-B894-A4AE445F6F2E}.Release|Mixed Platforms.Build.0 = Release|Any CPU
		{C83CE184-F725-4EBB-B894-A4AE445F6F2E}.Release|x64.ActiveCfg = Release|Any CPU
		{C83CE184-F725-4EBB-B894-A4AE445F6F2E}.Release|x64.Build.0 = Release|Any CPU
		{BD32F8A8-B2EC-47A7-B988-8B9180C1038C}.Debug|Any CPU.ActiveCfg = Debug|Any CPU
		{BD32F8A8-B2EC-47A7-B988-8B9180C1038C}.Debug|Any CPU.Build.0 = Debug|Any CPU
		{BD32F8A8-B2EC-47A7-B988-8B9180C1038C}.Debug|Mixed Platforms.ActiveCfg = Debug|Any CPU
		{BD32F8A8-B2EC-47A7-B988-8B9180C1038C}.Debug|Mixed Platforms.Build.0 = Debug|Any CPU
		{BD32F8A8-B2EC-47A7-B988-8B9180C1038C}.Debug|x64.ActiveCfg = Debug|Any CPU
		{BD32F8A8-B2EC-47A7-B988-8B9180C1038C}.Debug|x64.Build.0 = Debug|Any CPU
		{BD32F8A8-B2EC-47A7-B988-8B9180C1038C}.Release|Any CPU.ActiveCfg = Release|Any CPU
		{BD32F8A8-B2EC-47A7-B988-8B9180C1038C}.Release|Any CPU.Build.0 = Release|Any CPU
		{BD32F8A8-B2EC-47A7-B988-8B9180C1038C}.Release|Mixed Platforms.ActiveCfg = Release|Any CPU
		{BD32F8A8-B2EC-47A7-B988-8B9180C1038C}.Release|Mixed Platforms.Build.0 = Release|Any CPU
		{BD32F8A8-B2EC-47A7-B988-8B9180C1038C}.Release|x64.ActiveCfg = Release|Any CPU
		{BD32F8A8-B2EC-47A7-B988-8B9180C1038C}.Release|x64.Build.0 = Release|Any CPU
		{603B4EEB-C466-45F1-B166-BA83DB59260E}.Debug|Any CPU.ActiveCfg = Debug|Any CPU
		{603B4EEB-C466-45F1-B166-BA83DB59260E}.Debug|Any CPU.Build.0 = Debug|Any CPU
		{603B4EEB-C466-45F1-B166-BA83DB59260E}.Debug|Mixed Platforms.ActiveCfg = Debug|Any CPU
		{603B4EEB-C466-45F1-B166-BA83DB59260E}.Debug|Mixed Platforms.Build.0 = Debug|Any CPU
		{603B4EEB-C466-45F1-B166-BA83DB59260E}.Debug|x64.ActiveCfg = Debug|Any CPU
		{603B4EEB-C466-45F1-B166-BA83DB59260E}.Debug|x64.Build.0 = Debug|Any CPU
		{603B4EEB-C466-45F1-B166-BA83DB59260E}.Release|Any CPU.ActiveCfg = Release|Any CPU
		{603B4EEB-C466-45F1-B166-BA83DB59260E}.Release|Any CPU.Build.0 = Release|Any CPU
		{603B4EEB-C466-45F1-B166-BA83DB59260E}.Release|Mixed Platforms.ActiveCfg = Release|Any CPU
		{603B4EEB-C466-45F1-B166-BA83DB59260E}.Release|Mixed Platforms.Build.0 = Release|Any CPU
		{603B4EEB-C466-45F1-B166-BA83DB59260E}.Release|x64.ActiveCfg = Release|Any CPU
		{603B4EEB-C466-45F1-B166-BA83DB59260E}.Release|x64.Build.0 = Release|Any CPU
		{62440618-350D-42B6-8951-18649828A241}.Debug|Any CPU.ActiveCfg = Debug|Any CPU
		{62440618-350D-42B6-8951-18649828A241}.Debug|Any CPU.Build.0 = Debug|Any CPU
		{62440618-350D-42B6-8951-18649828A241}.Debug|Mixed Platforms.ActiveCfg = Debug|Any CPU
		{62440618-350D-42B6-8951-18649828A241}.Debug|Mixed Platforms.Build.0 = Debug|Any CPU
		{62440618-350D-42B6-8951-18649828A241}.Debug|x64.ActiveCfg = Debug|Any CPU
		{62440618-350D-42B6-8951-18649828A241}.Debug|x64.Build.0 = Debug|Any CPU
		{62440618-350D-42B6-8951-18649828A241}.Release|Any CPU.ActiveCfg = Release|Any CPU
		{62440618-350D-42B6-8951-18649828A241}.Release|Any CPU.Build.0 = Release|Any CPU
		{62440618-350D-42B6-8951-18649828A241}.Release|Mixed Platforms.ActiveCfg = Release|Any CPU
		{62440618-350D-42B6-8951-18649828A241}.Release|Mixed Platforms.Build.0 = Release|Any CPU
		{62440618-350D-42B6-8951-18649828A241}.Release|x64.ActiveCfg = Release|Any CPU
		{62440618-350D-42B6-8951-18649828A241}.Release|x64.Build.0 = Release|Any CPU
		{51D79CCF-C175-4E41-A86D-B705CDB599EC}.Debug|Any CPU.ActiveCfg = Debug|Any CPU
		{51D79CCF-C175-4E41-A86D-B705CDB599EC}.Debug|Any CPU.Build.0 = Debug|Any CPU
		{51D79CCF-C175-4E41-A86D-B705CDB599EC}.Debug|Mixed Platforms.ActiveCfg = Debug|Any CPU
		{51D79CCF-C175-4E41-A86D-B705CDB599EC}.Debug|Mixed Platforms.Build.0 = Debug|Any CPU
		{51D79CCF-C175-4E41-A86D-B705CDB599EC}.Debug|x64.ActiveCfg = Debug|Any CPU
		{51D79CCF-C175-4E41-A86D-B705CDB599EC}.Debug|x64.Build.0 = Debug|Any CPU
		{51D79CCF-C175-4E41-A86D-B705CDB599EC}.Release|Any CPU.ActiveCfg = Release|Any CPU
		{51D79CCF-C175-4E41-A86D-B705CDB599EC}.Release|Any CPU.Build.0 = Release|Any CPU
		{51D79CCF-C175-4E41-A86D-B705CDB599EC}.Release|Mixed Platforms.ActiveCfg = Release|Any CPU
		{51D79CCF-C175-4E41-A86D-B705CDB599EC}.Release|Mixed Platforms.Build.0 = Release|Any CPU
		{51D79CCF-C175-4E41-A86D-B705CDB599EC}.Release|x64.ActiveCfg = Release|Any CPU
		{51D79CCF-C175-4E41-A86D-B705CDB599EC}.Release|x64.Build.0 = Release|Any CPU
		{964891B8-B4FD-4E7A-9D6D-2B37B80ECE98}.Debug|Any CPU.ActiveCfg = Debug|Any CPU
		{964891B8-B4FD-4E7A-9D6D-2B37B80ECE98}.Debug|Any CPU.Build.0 = Debug|Any CPU
		{964891B8-B4FD-4E7A-9D6D-2B37B80ECE98}.Debug|Mixed Platforms.ActiveCfg = Debug|Any CPU
		{964891B8-B4FD-4E7A-9D6D-2B37B80ECE98}.Debug|Mixed Platforms.Build.0 = Debug|Any CPU
		{964891B8-B4FD-4E7A-9D6D-2B37B80ECE98}.Debug|x64.ActiveCfg = Debug|Any CPU
		{964891B8-B4FD-4E7A-9D6D-2B37B80ECE98}.Debug|x64.Build.0 = Debug|Any CPU
		{964891B8-B4FD-4E7A-9D6D-2B37B80ECE98}.Release|Any CPU.ActiveCfg = Release|Any CPU
		{964891B8-B4FD-4E7A-9D6D-2B37B80ECE98}.Release|Any CPU.Build.0 = Release|Any CPU
		{964891B8-B4FD-4E7A-9D6D-2B37B80ECE98}.Release|Mixed Platforms.ActiveCfg = Release|Any CPU
		{964891B8-B4FD-4E7A-9D6D-2B37B80ECE98}.Release|Mixed Platforms.Build.0 = Release|Any CPU
		{964891B8-B4FD-4E7A-9D6D-2B37B80ECE98}.Release|x64.ActiveCfg = Release|Any CPU
		{964891B8-B4FD-4E7A-9D6D-2B37B80ECE98}.Release|x64.Build.0 = Release|Any CPU
		{CB36C716-0A28-4E39-BF9A-732FE7536FD2}.Debug|Any CPU.ActiveCfg = Debug|Any CPU
		{CB36C716-0A28-4E39-BF9A-732FE7536FD2}.Debug|Any CPU.Build.0 = Debug|Any CPU
		{CB36C716-0A28-4E39-BF9A-732FE7536FD2}.Debug|Mixed Platforms.ActiveCfg = Debug|Any CPU
		{CB36C716-0A28-4E39-BF9A-732FE7536FD2}.Debug|Mixed Platforms.Build.0 = Debug|Any CPU
		{CB36C716-0A28-4E39-BF9A-732FE7536FD2}.Debug|x64.ActiveCfg = Debug|Any CPU
		{CB36C716-0A28-4E39-BF9A-732FE7536FD2}.Debug|x64.Build.0 = Debug|Any CPU
		{CB36C716-0A28-4E39-BF9A-732FE7536FD2}.Release|Any CPU.ActiveCfg = Release|Any CPU
		{CB36C716-0A28-4E39-BF9A-732FE7536FD2}.Release|Any CPU.Build.0 = Release|Any CPU
		{CB36C716-0A28-4E39-BF9A-732FE7536FD2}.Release|Mixed Platforms.ActiveCfg = Release|Any CPU
		{CB36C716-0A28-4E39-BF9A-732FE7536FD2}.Release|Mixed Platforms.Build.0 = Release|Any CPU
		{CB36C716-0A28-4E39-BF9A-732FE7536FD2}.Release|x64.ActiveCfg = Release|Any CPU
		{CB36C716-0A28-4E39-BF9A-732FE7536FD2}.Release|x64.Build.0 = Release|Any CPU
		{7BD62990-538E-4EE8-9E38-57A78DFBCE27}.Debug|Any CPU.ActiveCfg = Debug|Any CPU
		{7BD62990-538E-4EE8-9E38-57A78DFBCE27}.Debug|Any CPU.Build.0 = Debug|Any CPU
		{7BD62990-538E-4EE8-9E38-57A78DFBCE27}.Debug|Mixed Platforms.ActiveCfg = Debug|Any CPU
		{7BD62990-538E-4EE8-9E38-57A78DFBCE27}.Debug|Mixed Platforms.Build.0 = Debug|Any CPU
		{7BD62990-538E-4EE8-9E38-57A78DFBCE27}.Debug|x64.ActiveCfg = Debug|Any CPU
		{7BD62990-538E-4EE8-9E38-57A78DFBCE27}.Debug|x64.Build.0 = Debug|Any CPU
		{7BD62990-538E-4EE8-9E38-57A78DFBCE27}.Release|Any CPU.ActiveCfg = Release|Any CPU
		{7BD62990-538E-4EE8-9E38-57A78DFBCE27}.Release|Any CPU.Build.0 = Release|Any CPU
		{7BD62990-538E-4EE8-9E38-57A78DFBCE27}.Release|Mixed Platforms.ActiveCfg = Release|Any CPU
		{7BD62990-538E-4EE8-9E38-57A78DFBCE27}.Release|Mixed Platforms.Build.0 = Release|Any CPU
		{7BD62990-538E-4EE8-9E38-57A78DFBCE27}.Release|x64.ActiveCfg = Release|Any CPU
		{7BD62990-538E-4EE8-9E38-57A78DFBCE27}.Release|x64.Build.0 = Release|Any CPU
		{6ECB4A6A-268F-4D4C-B7CE-A9DD7B367396}.Debug|Any CPU.ActiveCfg = Debug|Any CPU
		{6ECB4A6A-268F-4D4C-B7CE-A9DD7B367396}.Debug|Any CPU.Build.0 = Debug|Any CPU
		{6ECB4A6A-268F-4D4C-B7CE-A9DD7B367396}.Debug|Mixed Platforms.ActiveCfg = Debug|Any CPU
		{6ECB4A6A-268F-4D4C-B7CE-A9DD7B367396}.Debug|Mixed Platforms.Build.0 = Debug|Any CPU
		{6ECB4A6A-268F-4D4C-B7CE-A9DD7B367396}.Debug|x64.ActiveCfg = Debug|Any CPU
		{6ECB4A6A-268F-4D4C-B7CE-A9DD7B367396}.Debug|x64.Build.0 = Debug|Any CPU
		{6ECB4A6A-268F-4D4C-B7CE-A9DD7B367396}.Release|Any CPU.ActiveCfg = Release|Any CPU
		{6ECB4A6A-268F-4D4C-B7CE-A9DD7B367396}.Release|Any CPU.Build.0 = Release|Any CPU
		{6ECB4A6A-268F-4D4C-B7CE-A9DD7B367396}.Release|Mixed Platforms.ActiveCfg = Release|Any CPU
		{6ECB4A6A-268F-4D4C-B7CE-A9DD7B367396}.Release|Mixed Platforms.Build.0 = Release|Any CPU
		{6ECB4A6A-268F-4D4C-B7CE-A9DD7B367396}.Release|x64.ActiveCfg = Release|Any CPU
		{6ECB4A6A-268F-4D4C-B7CE-A9DD7B367396}.Release|x64.Build.0 = Release|Any CPU
	EndGlobalSection
	GlobalSection(SolutionProperties) = preSolution
		HideSolutionNode = FALSE
	EndGlobalSection
	GlobalSection(NestedProjects) = preSolution
		{BD32F8A8-B2EC-47A7-B988-8B9180C1038C} = {926848A5-E1B8-42FE-9434-67955621934B}
		{603B4EEB-C466-45F1-B166-BA83DB59260E} = {926848A5-E1B8-42FE-9434-67955621934B}
		{62440618-350D-42B6-8951-18649828A241} = {926848A5-E1B8-42FE-9434-67955621934B}
		{51D79CCF-C175-4E41-A86D-B705CDB599EC} = {926848A5-E1B8-42FE-9434-67955621934B}
		{964891B8-B4FD-4E7A-9D6D-2B37B80ECE98} = {926848A5-E1B8-42FE-9434-67955621934B}
	EndGlobalSection
	GlobalSection(ExtensibilityGlobals) = postSolution
		SolutionGuid = {2F0EA3D2-0E37-4131-AEBF-4F17004466BD}
	EndGlobalSection
	GlobalSection(Performance) = preSolution
		HasPerformanceSessions = true
	EndGlobalSection
	GlobalSection(Performance) = preSolution
		HasPerformanceSessions = true
	EndGlobalSection
EndGlobal
