
Microsoft Visual Studio Solution File, Format Version 12.00
# Visual Studio 2012
Project("{FAE04EC0-301F-11D3-BF4B-00C04F79EFBC}") = "Simulation.DDA.Console", "Simulation.DDA.Console\Simulation.DDA.Console.csproj", "{3989756D-6BF1-4F3F-AA65-B0ED2DEF62D5}"
EndProject
Project("{FAE04EC0-301F-11D3-BF4B-00C04F79EFBC}") = "Simulation.Models", "Simulation.Models\Simulation.Models.csproj", "{866CA2C4-C878-45A2-A947-7C89B0A2AE61}"
EndProject
Project("{FAE04EC0-301F-11D3-BF4B-00C04F79EFBC}") = "Simulation.DDA", "Simulation.DDA\Simulation.DDA.csproj", "{35819F8B-180E-4BE8-91F7-E636510244E9}"
EndProject
Project("{FAE04EC0-301F-11D3-BF4B-00C04F79EFBC}") = "Simulation.DDA.Tests", "Tests\Simulation.DDA.Tests\Simulation.DDA.Tests.csproj", "{B4704359-7410-45C7-94CC-F9107558D4F7}"
EndProject
Project("{2150E333-8FDC-42A3-9474-1A3956D46DE8}") = "Tests", "Tests", "{926848A5-E1B8-42FE-9434-67955621934B}"
EndProject
Project("{FAE04EC0-301F-11D3-BF4B-00C04F79EFBC}") = "Simulation.Infrastructure", "Simulation.Infrastructure\Simulation.Infrastructure.csproj", "{E43FABF6-E2F6-43B1-A0E0-C906BEB6FDB2}"
EndProject
Project("{FAE04EC0-301F-11D3-BF4B-00C04F79EFBC}") = "Simulation.FDTD", "Simulation.FDTD\Simulation.FDTD.csproj", "{036281EF-CFA5-4CD2-A3E5-BE263462369E}"
EndProject
Project("{FAE04EC0-301F-11D3-BF4B-00C04F79EFBC}") = "Simulation.ScilabEngine", "ScilabEngine\Simulation.ScilabEngine.csproj", "{C7775A18-8EF1-4B48-A324-A43950BCEC74}"
EndProject
Global
	GlobalSection(SolutionConfigurationPlatforms) = preSolution
		Debug|Any CPU = Debug|Any CPU
		Release|Any CPU = Release|Any CPU
	EndGlobalSection
	GlobalSection(ProjectConfigurationPlatforms) = postSolution
		{3989756D-6BF1-4F3F-AA65-B0ED2DEF62D5}.Debug|Any CPU.ActiveCfg = Debug|Any CPU
		{3989756D-6BF1-4F3F-AA65-B0ED2DEF62D5}.Debug|Any CPU.Build.0 = Debug|Any CPU
		{3989756D-6BF1-4F3F-AA65-B0ED2DEF62D5}.Release|Any CPU.ActiveCfg = Release|Any CPU
		{3989756D-6BF1-4F3F-AA65-B0ED2DEF62D5}.Release|Any CPU.Build.0 = Release|Any CPU
		{866CA2C4-C878-45A2-A947-7C89B0A2AE61}.Debug|Any CPU.ActiveCfg = Debug|Any CPU
		{866CA2C4-C878-45A2-A947-7C89B0A2AE61}.Debug|Any CPU.Build.0 = Debug|Any CPU
		{866CA2C4-C878-45A2-A947-7C89B0A2AE61}.Release|Any CPU.ActiveCfg = Release|Any CPU
		{866CA2C4-C878-45A2-A947-7C89B0A2AE61}.Release|Any CPU.Build.0 = Release|Any CPU
		{35819F8B-180E-4BE8-91F7-E636510244E9}.Debug|Any CPU.ActiveCfg = Debug|Any CPU
		{35819F8B-180E-4BE8-91F7-E636510244E9}.Debug|Any CPU.Build.0 = Debug|Any CPU
		{35819F8B-180E-4BE8-91F7-E636510244E9}.Release|Any CPU.ActiveCfg = Release|Any CPU
		{35819F8B-180E-4BE8-91F7-E636510244E9}.Release|Any CPU.Build.0 = Release|Any CPU
		{B4704359-7410-45C7-94CC-F9107558D4F7}.Debug|Any CPU.ActiveCfg = Debug|Any CPU
		{B4704359-7410-45C7-94CC-F9107558D4F7}.Debug|Any CPU.Build.0 = Debug|Any CPU
		{B4704359-7410-45C7-94CC-F9107558D4F7}.Release|Any CPU.ActiveCfg = Release|Any CPU
		{B4704359-7410-45C7-94CC-F9107558D4F7}.Release|Any CPU.Build.0 = Release|Any CPU
		{E43FABF6-E2F6-43B1-A0E0-C906BEB6FDB2}.Debug|Any CPU.ActiveCfg = Debug|Any CPU
		{E43FABF6-E2F6-43B1-A0E0-C906BEB6FDB2}.Debug|Any CPU.Build.0 = Debug|Any CPU
		{E43FABF6-E2F6-43B1-A0E0-C906BEB6FDB2}.Release|Any CPU.ActiveCfg = Release|Any CPU
		{E43FABF6-E2F6-43B1-A0E0-C906BEB6FDB2}.Release|Any CPU.Build.0 = Release|Any CPU
		{036281EF-CFA5-4CD2-A3E5-BE263462369E}.Debug|Any CPU.ActiveCfg = Debug|Any CPU
		{036281EF-CFA5-4CD2-A3E5-BE263462369E}.Debug|Any CPU.Build.0 = Debug|Any CPU
		{036281EF-CFA5-4CD2-A3E5-BE263462369E}.Release|Any CPU.ActiveCfg = Release|Any CPU
		{036281EF-CFA5-4CD2-A3E5-BE263462369E}.Release|Any CPU.Build.0 = Release|Any CPU
		{C7775A18-8EF1-4B48-A324-A43950BCEC74}.Debug|Any CPU.ActiveCfg = Debug|Any CPU
		{C7775A18-8EF1-4B48-A324-A43950BCEC74}.Debug|Any CPU.Build.0 = Debug|Any CPU
		{C7775A18-8EF1-4B48-A324-A43950BCEC74}.Release|Any CPU.ActiveCfg = Release|Any CPU
		{C7775A18-8EF1-4B48-A324-A43950BCEC74}.Release|Any CPU.Build.0 = Release|Any CPU
	EndGlobalSection
	GlobalSection(SolutionProperties) = preSolution
		HideSolutionNode = FALSE
	EndGlobalSection
	GlobalSection(NestedProjects) = preSolution
		{B4704359-7410-45C7-94CC-F9107558D4F7} = {926848A5-E1B8-42FE-9434-67955621934B}
	EndGlobalSection
EndGlobal
